
Microsoft Visual Studio Solution File, Format Version 12.00
# Visual Studio Version 16
VisualStudioVersion = 16.0.30907.101
MinimumVisualStudioVersion = 10.0.40219.1
Project("{FAE04EC0-301F-11D3-BF4B-00C04F79EFBC}") = "GeometryLib", "GeometryLib\GeometryLib.csproj", "{E6E4DC77-F5DD-47FC-9F6F-2E0BCF892770}"
EndProject
Project("{FAE04EC0-301F-11D3-BF4B-00C04F79EFBC}") = "GeometryLibTests", "GeometryLibTests\GeometryLibTests.csproj", "{5EFD4B33-A108-4F0D-A1CE-9026C3AB1C84}"
EndProject
Global
	GlobalSection(SolutionConfigurationPlatforms) = preSolution
		Debug|Any CPU = Debug|Any CPU
		Release|Any CPU = Release|Any CPU
	EndGlobalSection
	GlobalSection(ProjectConfigurationPlatforms) = postSolution
		{E6E4DC77-F5DD-47FC-9F6F-2E0BCF892770}.Debug|Any CPU.ActiveCfg = Debug|Any CPU
		{E6E4DC77-F5DD-47FC-9F6F-2E0BCF892770}.Debug|Any CPU.Build.0 = Debug|Any CPU
		{E6E4DC77-F5DD-47FC-9F6F-2E0BCF892770}.Release|Any CPU.ActiveCfg = Release|Any CPU
		{E6E4DC77-F5DD-47FC-9F6F-2E0BCF892770}.Release|Any CPU.Build.0 = Release|Any CPU
		{5EFD4B33-A108-4F0D-A1CE-9026C3AB1C84}.Debug|Any CPU.ActiveCfg = Debug|Any CPU
		{5EFD4B33-A108-4F0D-A1CE-9026C3AB1C84}.Debug|Any CPU.Build.0 = Debug|Any CPU
		{5EFD4B33-A108-4F0D-A1CE-9026C3AB1C84}.Release|Any CPU.ActiveCfg = Release|Any CPU
		{5EFD4B33-A108-4F0D-A1CE-9026C3AB1C84}.Release|Any CPU.Build.0 = Release|Any CPU
	EndGlobalSection
	GlobalSection(SolutionProperties) = preSolution
		HideSolutionNode = FALSE
	EndGlobalSection
	GlobalSection(ExtensibilityGlobals) = postSolution
		SolutionGuid = {1884BEF8-E170-43C3-9BA2-0D8EDADC485E}
	EndGlobalSection
EndGlobal
